// !$*UTF8*$!
{
	archiveVersion = 1;
	classes = {
	};
	objectVersion = 56;
	objects = {

/* Begin PBXBuildFile section */
		93EF494429539D39003F7EFC /* SwiftulMapAppApp.swift in Sources */ = {isa = PBXBuildFile; fileRef = 93EF494329539D39003F7EFC /* SwiftulMapAppApp.swift */; };
		93EF494629539D39003F7EFC /* ContentView.swift in Sources */ = {isa = PBXBuildFile; fileRef = 93EF494529539D39003F7EFC /* ContentView.swift */; };
		93EF494B29539D3A003F7EFC /* Preview Assets.xcassets in Resources */ = {isa = PBXBuildFile; fileRef = 93EF494A29539D3A003F7EFC /* Preview Assets.xcassets */; };
		93EF495229539D8F003F7EFC /* Assets.xcassets in Resources */ = {isa = PBXBuildFile; fileRef = 93EF495129539D8F003F7EFC /* Assets.xcassets */; };
		93EF495729539E06003F7EFC /* Location.swift in Sources */ = {isa = PBXBuildFile; fileRef = 93EF495629539E06003F7EFC /* Location.swift */; };
		93EF495A29539EED003F7EFC /* LocationsDataService.swift in Sources */ = {isa = PBXBuildFile; fileRef = 93EF495929539EED003F7EFC /* LocationsDataService.swift */; };
		93EF495C2953A3B6003F7EFC /* LocationsView.swift in Sources */ = {isa = PBXBuildFile; fileRef = 93EF495B2953A3B6003F7EFC /* LocationsView.swift */; };
		93EF495E2953A77F003F7EFC /* LocationViewModel.swift in Sources */ = {isa = PBXBuildFile; fileRef = 93EF495D2953A77F003F7EFC /* LocationViewModel.swift */; };
		93EF49602953AD60003F7EFC /* LocationsListView.swift in Sources */ = {isa = PBXBuildFile; fileRef = 93EF495F2953AD60003F7EFC /* LocationsListView.swift */; };
		93EF496229550006003F7EFC /* LocationPreviewView.swift in Sources */ = {isa = PBXBuildFile; fileRef = 93EF496129550006003F7EFC /* LocationPreviewView.swift */; };
		93EF496429551979003F7EFC /* LocationMapAnotationView.swift in Sources */ = {isa = PBXBuildFile; fileRef = 93EF496329551979003F7EFC /* LocationMapAnotationView.swift */; };
/* End PBXBuildFile section */

/* Begin PBXFileReference section */
		93EF494029539D39003F7EFC /* SwiftulMapApp.app */ = {isa = PBXFileReference; explicitFileType = wrapper.application; includeInIndex = 0; path = SwiftulMapApp.app; sourceTree = BUILT_PRODUCTS_DIR; };
		93EF494329539D39003F7EFC /* SwiftulMapAppApp.swift */ = {isa = PBXFileReference; lastKnownFileType = sourcecode.swift; path = SwiftulMapAppApp.swift; sourceTree = "<group>"; };
		93EF494529539D39003F7EFC /* ContentView.swift */ = {isa = PBXFileReference; lastKnownFileType = sourcecode.swift; path = ContentView.swift; sourceTree = "<group>"; };
		93EF494A29539D3A003F7EFC /* Preview Assets.xcassets */ = {isa = PBXFileReference; lastKnownFileType = folder.assetcatalog; path = "Preview Assets.xcassets"; sourceTree = "<group>"; };
		93EF495129539D8F003F7EFC /* Assets.xcassets */ = {isa = PBXFileReference; lastKnownFileType = folder.assetcatalog; name = Assets.xcassets; path = "../../../../Downloads/SwiftfulMapApp-Downloads/Assets.xcassets"; sourceTree = "<group>"; };
		93EF495629539E06003F7EFC /* Location.swift */ = {isa = PBXFileReference; lastKnownFileType = sourcecode.swift; path = Location.swift; sourceTree = "<group>"; };
		93EF495929539EED003F7EFC /* LocationsDataService.swift */ = {isa = PBXFileReference; fileEncoding = 4; lastKnownFileType = sourcecode.swift; path = LocationsDataService.swift; sourceTree = "<group>"; };
		93EF495B2953A3B6003F7EFC /* LocationsView.swift */ = {isa = PBXFileReference; lastKnownFileType = sourcecode.swift; path = LocationsView.swift; sourceTree = "<group>"; };
		93EF495D2953A77F003F7EFC /* LocationViewModel.swift */ = {isa = PBXFileReference; lastKnownFileType = sourcecode.swift; path = LocationViewModel.swift; sourceTree = "<group>"; };
		93EF495F2953AD60003F7EFC /* LocationsListView.swift */ = {isa = PBXFileReference; lastKnownFileType = sourcecode.swift; path = LocationsListView.swift; sourceTree = "<group>"; };
		93EF496129550006003F7EFC /* LocationPreviewView.swift */ = {isa = PBXFileReference; lastKnownFileType = sourcecode.swift; path = LocationPreviewView.swift; sourceTree = "<group>"; };
		93EF496329551979003F7EFC /* LocationMapAnotationView.swift */ = {isa = PBXFileReference; lastKnownFileType = sourcecode.swift; path = LocationMapAnotationView.swift; sourceTree = "<group>"; };
/* End PBXFileReference section */

/* Begin PBXFrameworksBuildPhase section */
		93EF493D29539D39003F7EFC /* Frameworks */ = {
			isa = PBXFrameworksBuildPhase;
			buildActionMask = 2147483647;
			files = (
			);
			runOnlyForDeploymentPostprocessing = 0;
		};
/* End PBXFrameworksBuildPhase section */

/* Begin PBXGroup section */
		93EF493729539D39003F7EFC = {
			isa = PBXGroup;
			children = (
				93EF494229539D39003F7EFC /* SwiftulMapApp */,
				93EF494129539D39003F7EFC /* Products */,
			);
			sourceTree = "<group>";
		};
		93EF494129539D39003F7EFC /* Products */ = {
			isa = PBXGroup;
			children = (
				93EF494029539D39003F7EFC /* SwiftulMapApp.app */,
			);
			name = Products;
			sourceTree = "<group>";
		};
		93EF494229539D39003F7EFC /* SwiftulMapApp */ = {
			isa = PBXGroup;
			children = (
				93EF495829539ED1003F7EFC /* DataServices */,
				93EF495529539DDC003F7EFC /* ViewModels */,
				93EF495429539DD1003F7EFC /* Models */,
				93EF495329539DCB003F7EFC /* Views */,
				93EF494329539D39003F7EFC /* SwiftulMapAppApp.swift */,
				93EF494529539D39003F7EFC /* ContentView.swift */,
				93EF494929539D3A003F7EFC /* Preview Content */,
			);
			path = SwiftulMapApp;
			sourceTree = "<group>";
		};
		93EF494929539D3A003F7EFC /* Preview Content */ = {
			isa = PBXGroup;
			children = (
				93EF495129539D8F003F7EFC /* Assets.xcassets */,
				93EF494A29539D3A003F7EFC /* Preview Assets.xcassets */,
			);
			path = "Preview Content";
			sourceTree = "<group>";
		};
		93EF495329539DCB003F7EFC /* Views */ = {
			isa = PBXGroup;
			children = (
				93EF495B2953A3B6003F7EFC /* LocationsView.swift */,
				93EF495F2953AD60003F7EFC /* LocationsListView.swift */,
				93EF496129550006003F7EFC /* LocationPreviewView.swift */,
				93EF496329551979003F7EFC /* LocationMapAnotationView.swift */,
			);
			path = Views;
			sourceTree = "<group>";
		};
		93EF495429539DD1003F7EFC /* Models */ = {
			isa = PBXGroup;
			children = (
				93EF495629539E06003F7EFC /* Location.swift */,
			);
			path = Models;
			sourceTree = "<group>";
		};
		93EF495529539DDC003F7EFC /* ViewModels */ = {
			isa = PBXGroup;
			children = (
				93EF495D2953A77F003F7EFC /* LocationViewModel.swift */,
			);
			path = ViewModels;
			sourceTree = "<group>";
		};
		93EF495829539ED1003F7EFC /* DataServices */ = {
			isa = PBXGroup;
			children = (
				93EF495929539EED003F7EFC /* LocationsDataService.swift */,
			);
			path = DataServices;
			sourceTree = "<group>";
		};
/* End PBXGroup section */

/* Begin PBXNativeTarget section */
		93EF493F29539D39003F7EFC /* SwiftulMapApp */ = {
			isa = PBXNativeTarget;
			buildConfigurationList = 93EF494E29539D3A003F7EFC /* Build configuration list for PBXNativeTarget "SwiftulMapApp" */;
			buildPhases = (
				93EF493C29539D39003F7EFC /* Sources */,
				93EF493D29539D39003F7EFC /* Frameworks */,
				93EF493E29539D39003F7EFC /* Resources */,
			);
			buildRules = (
			);
			dependencies = (
			);
			name = SwiftulMapApp;
			productName = SwiftulMapApp;
			productReference = 93EF494029539D39003F7EFC /* SwiftulMapApp.app */;
			productType = "com.apple.product-type.application";
		};
/* End PBXNativeTarget section */

/* Begin PBXProject section */
		93EF493829539D39003F7EFC /* Project object */ = {
			isa = PBXProject;
			attributes = {
				BuildIndependentTargetsInParallel = 1;
				LastSwiftUpdateCheck = 1420;
				LastUpgradeCheck = 1420;
				TargetAttributes = {
					93EF493F29539D39003F7EFC = {
						CreatedOnToolsVersion = 14.2;
					};
				};
			};
			buildConfigurationList = 93EF493B29539D39003F7EFC /* Build configuration list for PBXProject "SwiftulMapApp" */;
			compatibilityVersion = "Xcode 14.0";
			developmentRegion = en;
			hasScannedForEncodings = 0;
			knownRegions = (
				en,
				Base,
			);
			mainGroup = 93EF493729539D39003F7EFC;
			productRefGroup = 93EF494129539D39003F7EFC /* Products */;
			projectDirPath = "";
			projectRoot = "";
			targets = (
				93EF493F29539D39003F7EFC /* SwiftulMapApp */,
			);
		};
/* End PBXProject section */

/* Begin PBXResourcesBuildPhase section */
		93EF493E29539D39003F7EFC /* Resources */ = {
			isa = PBXResourcesBuildPhase;
			buildActionMask = 2147483647;
			files = (
				93EF495229539D8F003F7EFC /* Assets.xcassets in Resources */,
				93EF494B29539D3A003F7EFC /* Preview Assets.xcassets in Resources */,
			);
			runOnlyForDeploymentPostprocessing = 0;
		};
/* End PBXResourcesBuildPhase section */

/* Begin PBXSourcesBuildPhase section */
		93EF493C29539D39003F7EFC /* Sources */ = {
			isa = PBXSourcesBuildPhase;
			buildActionMask = 2147483647;
			files = (
				93EF495A29539EED003F7EFC /* LocationsDataService.swift in Sources */,
				93EF49602953AD60003F7EFC /* LocationsListView.swift in Sources */,
				93EF496229550006003F7EFC /* LocationPreviewView.swift in Sources */,
				93EF495E2953A77F003F7EFC /* LocationViewModel.swift in Sources */,
				93EF494629539D39003F7EFC /* ContentView.swift in Sources */,
				93EF496429551979003F7EFC /* LocationMapAnotationView.swift in Sources */,
				93EF495C2953A3B6003F7EFC /* LocationsView.swift in Sources */,
				93EF495729539E06003F7EFC /* Location.swift in Sources */,
				93EF494429539D39003F7EFC /* SwiftulMapAppApp.swift in Sources */,
			);
			runOnlyForDeploymentPostprocessing = 0;
		};
/* End PBXSourcesBuildPhase section */

/* Begin XCBuildConfiguration section */
		93EF494C29539D3A003F7EFC /* Debug */ = {
			isa = XCBuildConfiguration;
			buildSettings = {
				ALWAYS_SEARCH_USER_PATHS = NO;
				CLANG_ANALYZER_NONNULL = YES;
				CLANG_ANALYZER_NUMBER_OBJECT_CONVERSION = YES_AGGRESSIVE;
				CLANG_CXX_LANGUAGE_STANDARD = "gnu++20";
				CLANG_ENABLE_MODULES = YES;
				CLANG_ENABLE_OBJC_ARC = YES;
				CLANG_ENABLE_OBJC_WEAK = YES;
				CLANG_WARN_BLOCK_CAPTURE_AUTORELEASING = YES;
				CLANG_WARN_BOOL_CONVERSION = YES;
				CLANG_WARN_COMMA = YES;
				CLANG_WARN_CONSTANT_CONVERSION = YES;
				CLANG_WARN_DEPRECATED_OBJC_IMPLEMENTATIONS = YES;
				CLANG_WARN_DIRECT_OBJC_ISA_USAGE = YES_ERROR;
				CLANG_WARN_DOCUMENTATION_COMMENTS = YES;
				CLANG_WARN_EMPTY_BODY = YES;
				CLANG_WARN_ENUM_CONVERSION = YES;
				CLANG_WARN_INFINITE_RECURSION = YES;
				CLANG_WARN_INT_CONVERSION = YES;
				CLANG_WARN_NON_LITERAL_NULL_CONVERSION = YES;
				CLANG_WARN_OBJC_IMPLICIT_RETAIN_SELF = YES;
				CLANG_WARN_OBJC_LITERAL_CONVERSION = YES;
				CLANG_WARN_OBJC_ROOT_CLASS = YES_ERROR;
				CLANG_WARN_QUOTED_INCLUDE_IN_FRAMEWORK_HEADER = YES;
				CLANG_WARN_RANGE_LOOP_ANALYSIS = YES;
				CLANG_WARN_STRICT_PROTOTYPES = YES;
				CLANG_WARN_SUSPICIOUS_MOVE = YES;
				CLANG_WARN_UNGUARDED_AVAILABILITY = YES_AGGRESSIVE;
				CLANG_WARN_UNREACHABLE_CODE = YES;
				CLANG_WARN__DUPLICATE_METHOD_MATCH = YES;
				COPY_PHASE_STRIP = NO;
				DEBUG_INFORMATION_FORMAT = dwarf;
				ENABLE_STRICT_OBJC_MSGSEND = YES;
				ENABLE_TESTABILITY = YES;
				GCC_C_LANGUAGE_STANDARD = gnu11;
				GCC_DYNAMIC_NO_PIC = NO;
				GCC_NO_COMMON_BLOCKS = YES;
				GCC_OPTIMIZATION_LEVEL = 0;
				GCC_PREPROCESSOR_DEFINITIONS = (
					"DEBUG=1",
					"$(inherited)",
				);
				GCC_WARN_64_TO_32_BIT_CONVERSION = YES;
				GCC_WARN_ABOUT_RETURN_TYPE = YES_ERROR;
				GCC_WARN_UNDECLARED_SELECTOR = YES;
				GCC_WARN_UNINITIALIZED_AUTOS = YES_AGGRESSIVE;
				GCC_WARN_UNUSED_FUNCTION = YES;
				GCC_WARN_UNUSED_VARIABLE = YES;
				IPHONEOS_DEPLOYMENT_TARGET = 16.2;
				MTL_ENABLE_DEBUG_INFO = INCLUDE_SOURCE;
				MTL_FAST_MATH = YES;
				ONLY_ACTIVE_ARCH = YES;
				SDKROOT = iphoneos;
				SWIFT_ACTIVE_COMPILATION_CONDITIONS = DEBUG;
				SWIFT_OPTIMIZATION_LEVEL = "-Onone";
			};
			name = Debug;
		};
		93EF494D29539D3A003F7EFC /* Release */ = {
			isa = XCBuildConfiguration;
			buildSettings = {
				ALWAYS_SEARCH_USER_PATHS = NO;
				CLANG_ANALYZER_NONNULL = YES;
				CLANG_ANALYZER_NUMBER_OBJECT_CONVERSION = YES_AGGRESSIVE;
				CLANG_CXX_LANGUAGE_STANDARD = "gnu++20";
				CLANG_ENABLE_MODULES = YES;
				CLANG_ENABLE_OBJC_ARC = YES;
				CLANG_ENABLE_OBJC_WEAK = YES;
				CLANG_WARN_BLOCK_CAPTURE_AUTORELEASING = YES;
				CLANG_WARN_BOOL_CONVERSION = YES;
				CLANG_WARN_COMMA = YES;
				CLANG_WARN_CONSTANT_CONVERSION = YES;
				CLANG_WARN_DEPRECATED_OBJC_IMPLEMENTATIONS = YES;
				CLANG_WARN_DIRECT_OBJC_ISA_USAGE = YES_ERROR;
				CLANG_WARN_DOCUMENTATION_COMMENTS = YES;
				CLANG_WARN_EMPTY_BODY = YES;
				CLANG_WARN_ENUM_CONVERSION = YES;
				CLANG_WARN_INFINITE_RECURSION = YES;
				CLANG_WARN_INT_CONVERSION = YES;
				CLANG_WARN_NON_LITERAL_NULL_CONVERSION = YES;
				CLANG_WARN_OBJC_IMPLICIT_RETAIN_SELF = YES;
				CLANG_WARN_OBJC_LITERAL_CONVERSION = YES;
				CLANG_WARN_OBJC_ROOT_CLASS = YES_ERROR;
				CLANG_WARN_QUOTED_INCLUDE_IN_FRAMEWORK_HEADER = YES;
				CLANG_WARN_RANGE_LOOP_ANALYSIS = YES;
				CLANG_WARN_STRICT_PROTOTYPES = YES;
				CLANG_WARN_SUSPICIOUS_MOVE = YES;
				CLANG_WARN_UNGUARDED_AVAILABILITY = YES_AGGRESSIVE;
				CLANG_WARN_UNREACHABLE_CODE = YES;
				CLANG_WARN__DUPLICATE_METHOD_MATCH = YES;
				COPY_PHASE_STRIP = NO;
				DEBUG_INFORMATION_FORMAT = "dwarf-with-dsym";
				ENABLE_NS_ASSERTIONS = NO;
				ENABLE_STRICT_OBJC_MSGSEND = YES;
				GCC_C_LANGUAGE_STANDARD = gnu11;
				GCC_NO_COMMON_BLOCKS = YES;
				GCC_WARN_64_TO_32_BIT_CONVERSION = YES;
				GCC_WARN_ABOUT_RETURN_TYPE = YES_ERROR;
				GCC_WARN_UNDECLARED_SELECTOR = YES;
				GCC_WARN_UNINITIALIZED_AUTOS = YES_AGGRESSIVE;
				GCC_WARN_UNUSED_FUNCTION = YES;
				GCC_WARN_UNUSED_VARIABLE = YES;
				IPHONEOS_DEPLOYMENT_TARGET = 16.2;
				MTL_ENABLE_DEBUG_INFO = NO;
				MTL_FAST_MATH = YES;
				SDKROOT = iphoneos;
				SWIFT_COMPILATION_MODE = wholemodule;
				SWIFT_OPTIMIZATION_LEVEL = "-O";
				VALIDATE_PRODUCT = YES;
			};
			name = Release;
		};
		93EF494F29539D3A003F7EFC /* Debug */ = {
			isa = XCBuildConfiguration;
			buildSettings = {
				ASSETCATALOG_COMPILER_APPICON_NAME = AppIcon;
				ASSETCATALOG_COMPILER_GLOBAL_ACCENT_COLOR_NAME = AccentColor;
				CODE_SIGN_STYLE = Automatic;
				CURRENT_PROJECT_VERSION = 1;
				DEVELOPMENT_ASSET_PATHS = "\"SwiftulMapApp/Preview Content\"";
				DEVELOPMENT_TEAM = 269JFZMZB7;
				ENABLE_PREVIEWS = YES;
				GENERATE_INFOPLIST_FILE = YES;
				INFOPLIST_KEY_UIApplicationSceneManifest_Generation = YES;
				INFOPLIST_KEY_UIApplicationSupportsIndirectInputEvents = YES;
				INFOPLIST_KEY_UILaunchScreen_Generation = YES;
				INFOPLIST_KEY_UISupportedInterfaceOrientations_iPad = "UIInterfaceOrientationPortrait UIInterfaceOrientationPortraitUpsideDown UIInterfaceOrientationLandscapeLeft UIInterfaceOrientationLandscapeRight";
				INFOPLIST_KEY_UISupportedInterfaceOrientations_iPhone = "UIInterfaceOrientationPortrait UIInterfaceOrientationLandscapeLeft UIInterfaceOrientationLandscapeRight";
				LD_RUNPATH_SEARCH_PATHS = (
					"$(inherited)",
					"@executable_path/Frameworks",
				);
				MARKETING_VERSION = 1.0;
				PRODUCT_BUNDLE_IDENTIFIER = ru.Hvrdwell.SwiftulMapApp;
				PRODUCT_NAME = "$(TARGET_NAME)";
				SWIFT_EMIT_LOC_STRINGS = YES;
				SWIFT_VERSION = 5.0;
				TARGETED_DEVICE_FAMILY = "1,2";
			};
			name = Debug;
		};
		93EF495029539D3A003F7EFC /* Release */ = {
			isa = XCBuildConfiguration;
			buildSettings = {
				ASSETCATALOG_COMPILER_APPICON_NAME = AppIcon;
				ASSETCATALOG_COMPILER_GLOBAL_ACCENT_COLOR_NAME = AccentColor;
				CODE_SIGN_STYLE = Automatic;
				CURRENT_PROJECT_VERSION = 1;
				DEVELOPMENT_ASSET_PATHS = "\"SwiftulMapApp/Preview Content\"";
				DEVELOPMENT_TEAM = 269JFZMZB7;
				ENABLE_PREVIEWS = YES;
				GENERATE_INFOPLIST_FILE = YES;
				INFOPLIST_KEY_UIApplicationSceneManifest_Generation = YES;
				INFOPLIST_KEY_UIApplicationSupportsIndirectInputEvents = YES;
				INFOPLIST_KEY_UILaunchScreen_Generation = YES;
				INFOPLIST_KEY_UISupportedInterfaceOrientations_iPad = "UIInterfaceOrientationPortrait UIInterfaceOrientationPortraitUpsideDown UIInterfaceOrientationLandscapeLeft UIInterfaceOrientationLandscapeRight";
				INFOPLIST_KEY_UISupportedInterfaceOrientations_iPhone = "UIInterfaceOrientationPortrait UIInterfaceOrientationLandscapeLeft UIInterfaceOrientationLandscapeRight";
				LD_RUNPATH_SEARCH_PATHS = (
					"$(inherited)",
					"@executable_path/Frameworks",
				);
				MARKETING_VERSION = 1.0;
				PRODUCT_BUNDLE_IDENTIFIER = ru.Hvrdwell.SwiftulMapApp;
				PRODUCT_NAME = "$(TARGET_NAME)";
				SWIFT_EMIT_LOC_STRINGS = YES;
				SWIFT_VERSION = 5.0;
				TARGETED_DEVICE_FAMILY = "1,2";
			};
			name = Release;
		};
/* End XCBuildConfiguration section */

/* Begin XCConfigurationList section */
		93EF493B29539D39003F7EFC /* Build configuration list for PBXProject "SwiftulMapApp" */ = {
			isa = XCConfigurationList;
			buildConfigurations = (
				93EF494C29539D3A003F7EFC /* Debug */,
				93EF494D29539D3A003F7EFC /* Release */,
			);
			defaultConfigurationIsVisible = 0;
			defaultConfigurationName = Release;
		};
		93EF494E29539D3A003F7EFC /* Build configuration list for PBXNativeTarget "SwiftulMapApp" */ = {
			isa = XCConfigurationList;
			buildConfigurations = (
				93EF494F29539D3A003F7EFC /* Debug */,
				93EF495029539D3A003F7EFC /* Release */,
			);
			defaultConfigurationIsVisible = 0;
			defaultConfigurationName = Release;
		};
/* End XCConfigurationList section */
	};
	rootObject = 93EF493829539D39003F7EFC /* Project object */;
}
